# THIS IS AN AUTOGENERATED FILE. DO NOT EDIT THIS FILE DIRECTLY.
# yarn lockfile v1


"@types/pako@^1.0.1":
  version "1.0.1"
  resolved "https://registry.yarnpkg.com/@types/pako/-/pako-1.0.1.tgz#33b237f3c9aff44d0f82fe63acffa4a365ef4a61"
  integrity sha512-GdZbRSJ3Cv5fiwT6I0SQ3ckeN2PWNqxd26W9Z2fCK1tGrrasGy4puvNFtnddqH9UJFMQYXxEuuB7B8UK+LLwSg==

blob-util@^2.0.2:
  version "2.0.2"
  resolved "https://registry.yarnpkg.com/blob-util/-/blob-util-2.0.2.tgz#3b4e3c281111bb7f11128518006cdc60b403a1eb"
  integrity sha512-T7JQa+zsXXEa6/8ZhHcQEW1UFfVM49Ts65uBkFL6fz2QmrElqmbajIDJvuA0tEhRe5eIjpV9ZF+0RfZR9voJFQ==

canny-edge-detector@^1.0.0:
  version "1.0.0"
  resolved "https://registry.yarnpkg.com/canny-edge-detector/-/canny-edge-detector-1.0.0.tgz#41f4cc3e09c0802a5269a05e7bff3dbf09169c97"
  integrity sha512-SpewmkHDE1PbJ1/AVAcpvZKOufYpUXT0euMvhb5C4Q83Q9XEOmSXC+yR7jl3F4Ae1Ev6OtQKbFgdcPrOdHjzQg==

color-functions@^3.0.1:
  version "3.0.1"
  resolved "https://registry.yarnpkg.com/color-functions/-/color-functions-3.0.1.tgz#a207e2d4a0975dccc72fcd37cce12d2d4bf8b674"
  integrity sha512-pPz+aopsINRkVk/MHZqT4mmvuUyTFwF4vhq6fLwOU8zSBU3kP5+vN/z4zZiefdOtB3+PaqBy7lAr9Yv4zbsBcQ==

fast-bmp@^1.0.0:
  version "1.0.0"
  resolved "https://registry.yarnpkg.com/fast-bmp/-/fast-bmp-1.0.0.tgz#7de95f42c290484090ae2c70ab25440673acca37"
  integrity sha1-felfQsKQSECQrixwqyVEBnOsyjc=
  dependencies:
    iobuffer "^3.1.0"

fast-jpeg@^1.0.1:
  version "1.0.1"
  resolved "https://registry.yarnpkg.com/fast-jpeg/-/fast-jpeg-1.0.1.tgz#bd545ec6cd82430ca5ded4bd30bbd061fafecf8b"
  integrity sha1-vVRexs2CQwyl3tS9MLvQYfr+z4s=
  dependencies:
    iobuffer "^2.1.0"
    tiff "^2.0.0"

fast-list@^1.0.3:
  version "1.0.3"
  resolved "https://registry.yarnpkg.com/fast-list/-/fast-list-1.0.3.tgz#f5d5754a7c1cbf682a15961ef9a063897571eaa1"
  integrity sha1-9dV1Snwcv2gqFZYe+aBjiXVx6qE=

fast-png@^5.0.2:
  version "5.0.2"
  resolved "https://registry.yarnpkg.com/fast-png/-/fast-png-5.0.2.tgz#2e689005ef89cbe4ba0200ff43f7da171a83ab5d"
  integrity sha512-75j60BAZP5R3eTHslW5o8apfuAtxRONfY3gGt3yQlsm46Xz+uRCjguBFFr5SMNGPJ7MjYFBsE1dlwPLnTA4t6w==
  dependencies:
    "@types/pako" "^1.0.1"
    iobuffer "^5.0.2"
    pako "^1.0.10"

fft.js@^4.0.3:
  version "4.0.3"
  resolved "https://registry.yarnpkg.com/fft.js/-/fft.js-4.0.3.tgz#b0084efa94188febdd1cffe68691f4c85a0fb8cb"
  integrity sha1-sAhO+pQYj+vdHP/mhpH0yFoPuMs=

file-type@^10.10.0:
  version "10.11.0"
  resolved "https://registry.yarnpkg.com/file-type/-/file-type-10.11.0.tgz#2961d09e4675b9fb9a3ee6b69e9cd23f43fd1890"
  integrity sha512-uzk64HRpUZyTGZtVuvrjP0FYxzQrBf4rojot6J65YMEbwBLB0CWm0CLojVpwpmFmxcE/lkvYICgfcGozbBq6rw==

has-own@^1.0.1:
  version "1.0.1"
  resolved "https://registry.yarnpkg.com/has-own/-/has-own-1.0.1.tgz#7cc78a63e5ffde330fa8d0a6ddaca4a70c495579"
  integrity sha512-RDKhzgQTQfMaLvIFhjahU+2gGnRBK6dYOd5Gd9BzkmnBneOCRYjRC003RIMrdAbH52+l+CnMS4bBCXGer8tEhg==

image-js@^0.21.9:
  version "0.21.9"
  resolved "https://registry.yarnpkg.com/image-js/-/image-js-0.21.9.tgz#eb79f68f0f9c446ba5236e58d4ea50730ccff7d8"
  integrity sha512-OMcrbDtVVxWv0ZjmgcmjGMpesoCol7VjuVeTvAWqXm7vkSQWnTMAUXrEYdwzBVEZHzNAKsu2IcueLc0f7hValQ==
  dependencies:
    blob-util "^2.0.2"
    canny-edge-detector "^1.0.0"
    color-functions "^3.0.1"
    fast-bmp "^1.0.0"
    fast-jpeg "^1.0.1"
    fast-list "^1.0.3"
    fast-png "^5.0.2"
    has-own "^1.0.1"
    image-type "^4.1.0"
    is-array-type "^1.0.0"
    is-integer "^1.0.7"
    jpeg-js "^0.3.7"
    js-priority-queue "^0.1.5"
    ml-convolution "^0.2.0"
    ml-disjoint-set "^1.0.0"
    ml-matrix "^5.2.1"
    ml-matrix-convolution "0.4.3"
    ml-regression "^4.4.2"
    monotone-chain-convex-hull "^1.0.0"
    new-array "^1.0.0"
    num-sort "^1.0.0"
    robust-point-in-polygon "^1.0.3"
    tiff "^4.0.0"
    web-worker-manager "^0.2.0"

image-type@^4.1.0:
  version "4.1.0"
  resolved "https://registry.yarnpkg.com/image-type/-/image-type-4.1.0.tgz#72a88d64ff5021371ed67b9a466442100be57cd1"
  integrity sha512-CFJMJ8QK8lJvRlTCEgarL4ro6hfDQKif2HjSvYCdQZESaIPV4v9imrf7BQHK+sQeTeNeMpWciR9hyC/g8ybXEg==
  dependencies:
    file-type "^10.10.0"

iobuffer@^2.1.0:
  version "2.1.0"
  resolved "https://registry.yarnpkg.com/iobuffer/-/iobuffer-2.1.0.tgz#074882d24020a85db6a5042a0418ef9b6b2e616a"
  integrity sha1-B0iC0kAgqF22pQQqBBjvm2suYWo=

iobuffer@^3.1.0:
  version "3.2.0"
  resolved "https://registry.yarnpkg.com/iobuffer/-/iobuffer-3.2.0.tgz#9234f4d2cb1042818704f07d1f5c833f41327e26"
  integrity sha1-kjT00ssQQoGHBPB9H1yDP0EyfiY=
  dependencies:
    utf8 "^2.1.2"

iobuffer@^5.0.2:
  version "5.0.2"
  resolved "https://registry.yarnpkg.com/iobuffer/-/iobuffer-5.0.2.tgz#90f6ead2afd24cc9d2f2befbbb2a501552d70d4f"
  integrity sha512-FwwzAUZkapfHq76amLGSaEigB2nRSZR+ADc+zRcIRm2MsofDJAiIEPGbw+is/lI+kW32fM5jezmJ8dVQnd1UbA==

is-any-array@^0.0.3:
  version "0.0.3"
  resolved "https://registry.yarnpkg.com/is-any-array/-/is-any-array-0.0.3.tgz#cbdd8c7189d47b53b050969245f4ef7e55550b9b"
  integrity sha512-Lr5SRykZv6uuYMZURz7+YpigT1ziTBHOTgFJ1zK7gL+9Wbet5Ha1ws6S84Jo/lH4zep02b95sk6o4+MTk97mPQ==

is-array-type@^1.0.0:
  version "1.0.0"
  resolved "https://registry.yarnpkg.com/is-array-type/-/is-array-type-1.0.0.tgz#0bd8a263430319c8fa32fa7af260140f4762b506"
  integrity sha1-C9iiY0MDGcj6Mvp68mAUD0ditQY=

is-finite@^1.0.0:
  version "1.1.0"
  resolved "https://registry.yarnpkg.com/is-finite/-/is-finite-1.1.0.tgz#904135c77fb42c0641d6aa1bcdbc4daa8da082f3"
  integrity sha512-cdyMtqX/BOqqNBBiKlIVkytNHm49MtMlYyn1zxzvJKWmFMlGzm+ry5BBfYyeY9YmNKbRSo/o7OX9w9ale0wg3w==

is-integer@^1.0.6, is-integer@^1.0.7:
  version "1.0.7"
  resolved "https://registry.yarnpkg.com/is-integer/-/is-integer-1.0.7.tgz#6bde81aacddf78b659b6629d629cadc51a886d5c"
  integrity sha1-a96Bqs3feLZZtmKdYpytxRqIbVw=
  dependencies:
    is-finite "^1.0.0"

jpeg-js@^0.3.7:
  version "0.3.7"
  resolved "https://registry.yarnpkg.com/jpeg-js/-/jpeg-js-0.3.7.tgz#471a89d06011640592d314158608690172b1028d"
  integrity sha512-9IXdWudL61npZjvLuVe/ktHiA41iE8qFyLB+4VDTblEsWBzeg8WQTlktdUK4CdncUqtUgUg0bbOmTE2bKBKaBQ==

js-priority-queue@^0.1.5:
  version "0.1.5"
  resolved "https://registry.yarnpkg.com/js-priority-queue/-/js-priority-queue-0.1.5.tgz#f71e9b2120c91e8a1ddab3b7d347dac01d81e837"
  integrity sha1-9x6bISDJHood2rO300fawB2B6Dc=

ml-array-max@^1.1.1, ml-array-max@^1.1.2:
  version "1.1.2"
  resolved "https://registry.yarnpkg.com/ml-array-max/-/ml-array-max-1.1.2.tgz#ac14a4954ebdb9f401774cc1572fce439e12f94d"
  integrity sha512-it2hYUSuYEwIRO6hjTWfe6gbGutF4Tuct7jxt3LiLE4wKFs6ku5FLNIRKtOL2jyH+Jdwt1ddbqKMX8inBM8RxA==
  dependencies:
    is-any-array "^0.0.3"

ml-array-min@^1.1.2:
  version "1.1.2"
  resolved "https://registry.yarnpkg.com/ml-array-min/-/ml-array-min-1.1.2.tgz#a084370fe78998a4131d566d066ee01bccce253a"
  integrity sha512-92QzvsyK7TxGz618pno6bu0LXYcRKssbimP85qRllk2xX5Z4gnVxlOmrMjSerUut9zzbt1eQB4byXNCwT0vgwA==
  dependencies:
    is-any-array "^0.0.3"

ml-array-rescale@^1.2.1:
  version "1.3.1"
  resolved "https://registry.yarnpkg.com/ml-array-rescale/-/ml-array-rescale-1.3.1.tgz#7e55871af8741d212e2b47b8acd55571936c822b"
  integrity sha512-PMj/f3MXBf5j2is8E4ugfNx6txi5y6qO4iVizfGjUVcpBl9RpXhznsoOz5iLtVtW1uDiWl+ToHaW4IGwoG+rmg==
  dependencies:
    is-any-array "^0.0.3"
    ml-array-max "^1.1.2"
    ml-array-min "^1.1.2"

ml-convolution@^0.2.0:
  version "0.2.0"
  resolved "https://registry.yarnpkg.com/ml-convolution/-/ml-convolution-0.2.0.tgz#374659a6f75c98324ef7d61766c1e6209caff594"
  integrity sha1-N0ZZpvdcmDJO99YXZsHmIJyv9ZQ=
  dependencies:
    fft.js "^4.0.3"
    next-power-of-two "^1.0.0"

ml-disjoint-set@^1.0.0:
  version "1.0.0"
  resolved "https://registry.yarnpkg.com/ml-disjoint-set/-/ml-disjoint-set-1.0.0.tgz#6cd8e583eef5a02585348b98d0df21fd83ef6082"
  integrity sha1-bNjlg+71oCWFNIuY0N8h/YPvYII=

ml-distance-euclidean@^1.0.0:
  version "1.0.0"
  resolved "https://registry.yarnpkg.com/ml-distance-euclidean/-/ml-distance-euclidean-1.0.0.tgz#08447c2233641a2b2a9b4c29e5f792d28f1d5b95"
  integrity sha1-CER8IjNkGisqm0wp5feS0o8dW5U=

ml-distance-euclidean@^2.0.0:
  version "2.0.0"
  resolved "https://registry.yarnpkg.com/ml-distance-euclidean/-/ml-distance-euclidean-2.0.0.tgz#3a668d236649d1b8fec96380b9435c6f42c9a817"
  integrity sha512-yC9/2o8QF0A3m/0IXqCTXCzz2pNEzvmcE/9HFKOZGnTjatvBbsn4lWYJkxENkA4Ug2fnYl7PXQxnPi21sgMy/Q==

ml-fft@1.3.5:
  version "1.3.5"
  resolved "https://registry.yarnpkg.com/ml-fft/-/ml-fft-1.3.5.tgz#effc1f3c5d0b803a0b39738feb3dacd27c145010"
  integrity sha1-7/wfPF0LgDoLOXOP6z2s0nwUUBA=

ml-kernel-gaussian@^2.0.1:
  version "2.0.2"
  resolved "https://registry.yarnpkg.com/ml-kernel-gaussian/-/ml-kernel-gaussian-2.0.2.tgz#2d1a1130d3205e551e7d1dbe642b8f150076e6c0"
  integrity sha512-5MBrH2g9MBO53I6mcyXvMhyOLsmO2w21+26A1ZV/vYoxqpsov2PWkT8bhdFCEe0kgDupmAb6u81iOID/rhnarA==
  dependencies:
    ml-distance-euclidean "^2.0.0"

ml-kernel-polynomial@^2.0.0:
  version "2.0.1"
  resolved "https://registry.yarnpkg.com/ml-kernel-polynomial/-/ml-kernel-polynomial-2.0.1.tgz#ae99e26892f5763185e2334bad862adc5733c599"
  integrity sha512-aGDNRPHDiKeJmBxB0L9wTxKNLfp5JytbdRIo5K+FTcmFjkWDe3YZPo6R6wBB5mxaJ5eqTRawzeV4RoIWHbakyQ==

ml-kernel-sigmoid@^1.0.0:
  version "1.0.1"
  resolved "https://registry.yarnpkg.com/ml-kernel-sigmoid/-/ml-kernel-sigmoid-1.0.1.tgz#3eb4419a97d68d299dd6faffa8dca0fb91dd3300"
  integrity sha512-mSbYOSbNQ7GsUAGrHuUHNsLgM3bZGpXkotw/FBdKZD9YMXfVOgQb1LvvvVeSlOR/ZdmX23qqaV0RnKSYWBF8og==

ml-kernel@^2.0.0:
  version "2.3.4"
  resolved "https://registry.yarnpkg.com/ml-kernel/-/ml-kernel-2.3.4.tgz#7f6cdd5a3a9b1b6ee3c34bfd15c181664a0661dd"
  integrity sha512-XH841rI/FANQD1JbhJuSy2XpXmstDjTRoYqJTQRq3V+sZmphvOKIJx1bWTr2vCxduDcWV/M77AYPZRivqt5QTA==
  dependencies:
    ml-distance-euclidean "^1.0.0"
    ml-kernel-gaussian "^2.0.1"
    ml-kernel-polynomial "^2.0.0"
    ml-kernel-sigmoid "^1.0.0"
    ml-matrix "^5.0.0"

ml-matrix-convolution@0.4.3:
  version "0.4.3"
  resolved "https://registry.yarnpkg.com/ml-matrix-convolution/-/ml-matrix-convolution-0.4.3.tgz#cbc75346b8996caf24a9b431bbad47f9ad2a4c11"
  integrity sha1-y8dTRriZbK8kqbQxu61H+a0qTBE=
  dependencies:
    ml-fft "1.3.5"
    ml-stat "^1.2.0"

ml-matrix@^5.0.0, ml-matrix@^5.0.1, ml-matrix@^5.2.1:
  version "5.3.0"
  resolved "https://registry.yarnpkg.com/ml-matrix/-/ml-matrix-5.3.0.tgz#2154902a3380f6a0874ab9a2539a09e873e8db92"
  integrity sha512-DuvdXYwfGRpM+7MVdvi/zSjiazn+8QPrACT3Xi0pQpYx5SXZ1WuFYwUDXTSmV9+hrCxRhrC4hrzesNcfjpvOsw==
  dependencies:
    ml-array-max "^1.1.1"
    ml-array-rescale "^1.2.1"

ml-regression-base@^1.0.0, ml-regression-base@^1.1.1, ml-regression-base@^1.2.0:
  version "1.2.1"
  resolved "https://registry.yarnpkg.com/ml-regression-base/-/ml-regression-base-1.2.1.tgz#ce4de3ddb635af2536e8f5bfaa1910ae1f5552ec"
  integrity sha512-G1gKXkGqT5fvv1oirmF1PjdRAS4qmAH+eTBCL8flAiJ2SI6Lxnh5U18pVJuujKjhOykCvF0Oi47FpWD5CPsLxw==

ml-regression-exponential@^1.0.0:
  version "1.0.1"
  resolved "https://registry.yarnpkg.com/ml-regression-exponential/-/ml-regression-exponential-1.0.1.tgz#f5eedba31a3e0bcfbbb92c26c590f9d02970e7d0"
  integrity sha1-9e7boxo+C8+7uSwmxZD50Clw59A=
  dependencies:
    ml-regression-base "^1.1.1"
    ml-regression-simple-linear "^1.0.1"

ml-regression-multivariate-linear@^1.0.0:
  version "1.2.0"
  resolved "https://registry.yarnpkg.com/ml-regression-multivariate-linear/-/ml-regression-multivariate-linear-1.2.0.tgz#cfb33ffacd7e153d33b7481ef9f5d094d954689e"
  integrity sha512-PUEjcEf05xQbJN9wnMUDFyUXJDZu+Kj6hdw2zzu0S2A9iK9k9AoM30YEUgvD01D12xeanMplWN+xcxgzWPb2/Q==
  dependencies:
    ml-matrix "^5.0.1"
    ml-regression-base "^1.2.0"

ml-regression-polynomial@^1.0.0:
  version "1.0.3"
  resolved "https://registry.yarnpkg.com/ml-regression-polynomial/-/ml-regression-polynomial-1.0.3.tgz#bd77838c8b673ddcc6ad6e53959a9a97789b80c5"
  integrity sha512-GXfzXG+PRzpVfVmJiHRc8ggme2ISJlzkaN79Fxl8fI9aQSMoL7qNc3vlp9YwTmzPARhOoFY11JYLuvZCvMIfcg==
  dependencies:
    ml-matrix "^5.0.0"
    ml-regression-base "^1.1.1"

ml-regression-power@^1.0.0:
  version "1.0.1"
  resolved "https://registry.yarnpkg.com/ml-regression-power/-/ml-regression-power-1.0.1.tgz#5b877934e921b51c1203d2760ee5abe82e6a454b"
  integrity sha512-xClgCv89kmzfdwVdTrda/3QNPgCWAcH21dNT1sD8TW9Lk8jMkh5vcMrufoG4WpbaYEslHh03LeTB70u8T7Cu4Q==
  dependencies:
    ml-regression-base "^1.2.0"
    ml-regression-simple-linear "^1.0.2"

ml-regression-robust-polynomial@^1.0.0:
  version "1.0.1"
  resolved "https://registry.yarnpkg.com/ml-regression-robust-polynomial/-/ml-regression-robust-polynomial-1.0.1.tgz#870793f61bde021d002e439ebb4064428ed9d888"
  integrity sha512-Vgl8ZMdH18pWuX82AWrVjamNVKcm9kAAqbUdjNLjlTqqQFFzEO/f6P/VJdb2jIkRtYwv64w6HNB1BGpow+sElA==
  dependencies:
    ml-matrix "^5.0.0"
    ml-regression-base "^1.2.0"

ml-regression-simple-linear@^1.0.0, ml-regression-simple-linear@^1.0.1, ml-regression-simple-linear@^1.0.2:
  version "1.0.2"
  resolved "https://registry.yarnpkg.com/ml-regression-simple-linear/-/ml-regression-simple-linear-1.0.2.tgz#d99fe95be9178c3bf045cc58490b1e62851336af"
  integrity sha1-2Z/pW+kXjDvwRcxYSQseYoUTNq8=
  dependencies:
    ml-regression-base "^1.0.0"

ml-regression-theil-sen@^1.0.0:
  version "1.0.0"
  resolved "https://registry.yarnpkg.com/ml-regression-theil-sen/-/ml-regression-theil-sen-1.0.0.tgz#fb33c67ca88cd182c9eee999cecccd7aad5c2bc8"
  integrity sha512-h0+IAUqCyR6zEK0pQEoSK/AYYqpRqZVd0HqQ8uFJLXKN/X9vNcYjoImL3JxaB71M7DfUuKI+okeE6b2zVHTJSw==
  dependencies:
    ml-regression-base "^1.2.0"
    ml-stat "^1.3.3"

ml-regression@^4.4.2:
  version "4.4.2"
  resolved "https://registry.yarnpkg.com/ml-regression/-/ml-regression-4.4.2.tgz#d19b376bcc990968cda0d9c3e59f04fd12b91a5f"
  integrity sha512-pdADkuG0juGAl68QGjqEpr+OiB9AWEJn1/FjD+qVaWJ06FXACpZZkg0XhHXB5pRsSwygA2cEIZHKJ4Ct2dPmMw==
  dependencies:
    is-integer "^1.0.6"
    ml-kernel "^2.0.0"
    ml-matrix "^5.0.0"
    ml-regression-base "^1.2.0"
    ml-regression-exponential "^1.0.0"
    ml-regression-multivariate-linear "^1.0.0"
    ml-regression-polynomial "^1.0.0"
    ml-regression-power "^1.0.0"
    ml-regression-robust-polynomial "^1.0.0"
    ml-regression-simple-linear "^1.0.0"
    ml-regression-theil-sen "^1.0.0"
    ml-stat "^1.3.3"

ml-stat@^1.2.0, ml-stat@^1.3.3:
  version "1.3.3"
  resolved "https://registry.yarnpkg.com/ml-stat/-/ml-stat-1.3.3.tgz#8a5493b0f67382fbf705c260e070436655a7dcfa"
  integrity sha1-ilSTsPZzgvv3BcJg4HBDZlWn3Po=

monotone-chain-convex-hull@^1.0.0:
  version "1.0.0"
  resolved "https://registry.yarnpkg.com/monotone-chain-convex-hull/-/monotone-chain-convex-hull-1.0.0.tgz#e5e3a39f305d6bc6fe71062fc7072bc56c3a55e0"
  integrity sha1-5eOjnzBda8b+cQYvxwcrxWw6VeA=

new-array@^1.0.0:
  version "1.0.0"
  resolved "https://registry.yarnpkg.com/new-array/-/new-array-1.0.0.tgz#5dbc639d961eac7f1a9fbc1a7146ec12f2924fbf"
  integrity sha1-XbxjnZYerH8an7wacUbsEvKST78=

next-power-of-two@^1.0.0:
  version "1.0.0"
  resolved "https://registry.yarnpkg.com/next-power-of-two/-/next-power-of-two-1.0.0.tgz#cbc1f2f62b586fc501bd3ab2fb9962ac4e4e9359"
  integrity sha1-y8Hy9itYb8UBvTqy+5lirE5Ok1k=

num-sort@^1.0.0:
  version "1.0.0"
  resolved "https://registry.yarnpkg.com/num-sort/-/num-sort-1.0.0.tgz#cabec1fd5f4da4aca995af90b7a0f379944e1dbd"
  integrity sha1-yr7B/V9NpKypla+Qt6DzeZROHb0=
  dependencies:
    number-is-nan "^1.0.0"

number-is-nan@^1.0.0:
  version "1.0.1"
  resolved "https://registry.yarnpkg.com/number-is-nan/-/number-is-nan-1.0.1.tgz#097b602b53422a522c1afb8790318336941a011d"
  integrity sha1-CXtgK1NCKlIsGvuHkDGDNpQaAR0=

pako@^1.0.10:
  version "1.0.11"
  resolved "https://registry.yarnpkg.com/pako/-/pako-1.0.11.tgz#6c9599d340d54dfd3946380252a35705a6b992bf"
  integrity sha512-4hLB8Py4zZce5s4yd9XzopqwVv/yGNhV1Bl8NTmCq1763HeK2+EwVTv+leGeL13Dnh2wfbqowVPXCIO0z4taYw==

robust-orientation@^1.0.2:
  version "1.1.3"
  resolved "https://registry.yarnpkg.com/robust-orientation/-/robust-orientation-1.1.3.tgz#daff5b00d3be4e60722f0e9c0156ef967f1c2049"
  integrity sha1-2v9bANO+TmByLw6cAVbvln8cIEk=
  dependencies:
    robust-scale "^1.0.2"
    robust-subtract "^1.0.0"
    robust-sum "^1.0.0"
    two-product "^1.0.2"

robust-point-in-polygon@^1.0.3:
  version "1.0.3"
  resolved "https://registry.yarnpkg.com/robust-point-in-polygon/-/robust-point-in-polygon-1.0.3.tgz#ea68f025a44dfe6aede80f0863788705cf547ec4"
  integrity sha1-6mjwJaRN/mrt6A8IY3iHBc9UfsQ=
  dependencies:
    robust-orientation "^1.0.2"

robust-scale@^1.0.2:
  version "1.0.2"
  resolved "https://registry.yarnpkg.com/robust-scale/-/robust-scale-1.0.2.tgz#775132ed09542d028e58b2cc79c06290bcf78c32"
  integrity sha1-d1Ey7QlULQKOWLLMecBikLz3jDI=
  dependencies:
    two-product "^1.0.2"
    two-sum "^1.0.0"

robust-subtract@^1.0.0:
  version "1.0.0"
  resolved "https://registry.yarnpkg.com/robust-subtract/-/robust-subtract-1.0.0.tgz#e0b164e1ed8ba4e3a5dda45a12038348dbed3e9a"
  integrity sha1-4LFk4e2LpOOl3aRaEgODSNvtPpo=

robust-sum@^1.0.0:
  version "1.0.0"
  resolved "https://registry.yarnpkg.com/robust-sum/-/robust-sum-1.0.0.tgz#16646e525292b4d25d82757a286955e0bbfa53d9"
  integrity sha1-FmRuUlKStNJdgnV6KGlV4Lv6U9k=

tiff@^2.0.0:
  version "2.1.0"
  resolved "https://registry.yarnpkg.com/tiff/-/tiff-2.1.0.tgz#b3f41c519bd66835267f14cb31a04acb1f7860ca"
  integrity sha1-s/QcUZvWaDUmfxTLMaBKyx94YMo=
  dependencies:
    iobuffer "^2.1.0"

tiff@^4.0.0:
  version "4.1.3"
  resolved "https://registry.yarnpkg.com/tiff/-/tiff-4.1.3.tgz#051a30b874cc6f6792f0d5844b21b033b8a54870"
  integrity sha512-2qFNIMXHuEUdqdALNG8apIF9MwRROBk0iohZEmUfknH3BdWTf5+1JNF0hrXf9g02TIkkf3nXlxQFaszIynGciQ==
  dependencies:
    iobuffer "^5.0.2"

two-product@^1.0.2:
  version "1.0.2"
  resolved "https://registry.yarnpkg.com/two-product/-/two-product-1.0.2.tgz#67d95d4b257a921e2cb4bd7af9511f9088522eaa"
  integrity sha1-Z9ldSyV6kh4stL16+VEfkIhSLqo=

two-sum@^1.0.0:
  version "1.0.0"
  resolved "https://registry.yarnpkg.com/two-sum/-/two-sum-1.0.0.tgz#31d3f32239e4f731eca9df9155e2b297f008ab64"
  integrity sha1-MdPzIjnk9zHsqd+RVeKyl/AIq2Q=

utf8@^2.1.2:
  version "2.1.2"
  resolved "https://registry.yarnpkg.com/utf8/-/utf8-2.1.2.tgz#1fa0d9270e9be850d9b05027f63519bf46457d96"
  integrity sha1-H6DZJw6b6FDZsFAn9jUZv0ZFfZY=

web-worker-manager@^0.2.0:
  version "0.2.0"
  resolved "https://registry.yarnpkg.com/web-worker-manager/-/web-worker-manager-0.2.0.tgz#e1bce423c640b76c409731f9de950bb1b9266521"
  integrity sha1-4bzkI8ZAt2xAlzH53pULsbkmZSE=
